
Microsoft Visual Studio Solution File, Format Version 12.00
# Visual Studio 15
VisualStudioVersion = 15.0.28307.1300
MinimumVisualStudioVersion = 10.0.40219.1
Project("{FAE04EC0-301F-11D3-BF4B-00C04F79EFBC}") = "Introduction_To_MVC", "Introduction_To_MVC\Introduction_To_MVC.csproj", "{A4C9902D-0C6B-4FFA-8EFE-B2169413850D}"
EndProject
Project("{FAE04EC0-301F-11D3-BF4B-00C04F79EFBC}") = "MVC From Scratch", "MVC From Scratch\MVC From Scratch.csproj", "{094F4E60-B43A-465B-90D7-5A78F3C4E142}"
EndProject
Global
	GlobalSection(SolutionConfigurationPlatforms) = preSolution
		Debug|Any CPU = Debug|Any CPU
		Release|Any CPU = Release|Any CPU
	EndGlobalSection
	GlobalSection(ProjectConfigurationPlatforms) = postSolution
		{A4C9902D-0C6B-4FFA-8EFE-B2169413850D}.Debug|Any CPU.ActiveCfg = Debug|Any CPU
		{A4C9902D-0C6B-4FFA-8EFE-B2169413850D}.Debug|Any CPU.Build.0 = Debug|Any CPU
		{A4C9902D-0C6B-4FFA-8EFE-B2169413850D}.Release|Any CPU.ActiveCfg = Release|Any CPU
		{A4C9902D-0C6B-4FFA-8EFE-B2169413850D}.Release|Any CPU.Build.0 = Release|Any CPU
		{094F4E60-B43A-465B-90D7-5A78F3C4E142}.Debug|Any CPU.ActiveCfg = Debug|Any CPU
		{094F4E60-B43A-465B-90D7-5A78F3C4E142}.Debug|Any CPU.Build.0 = Debug|Any CPU
		{094F4E60-B43A-465B-90D7-5A78F3C4E142}.Release|Any CPU.ActiveCfg = Release|Any CPU
		{094F4E60-B43A-465B-90D7-5A78F3C4E142}.Release|Any CPU.Build.0 = Release|Any CPU
	EndGlobalSection
	GlobalSection(SolutionProperties) = preSolution
		HideSolutionNode = FALSE
	EndGlobalSection
	GlobalSection(ExtensibilityGlobals) = postSolution
		SolutionGuid = {B95AA66D-68DE-4377-8F02-79657EAFB709}
	EndGlobalSection
EndGlobal
